{
    "version": 3,
    "terraform_version": "0.11.13",
    "serial": 10,
    "lineage": "07e4053e-7899-74a2-144b-f9c06e65b826",
    "modules": [
        {
            "path": [
                "root"
            ],
            "outputs": {},
            "resources": {
                "aws_internet_gateway.gw": {
                    "type": "aws_internet_gateway",
                    "depends_on": [
                        "aws_vpc.main"
                    ],
                    "primary": {
                        "id": "igw-00445384889d554fd",
                        "attributes": {
                            "arn": "arn:aws:ec2:us-east-1:674680266734:internet-gateway/igw-00445384889d554fd",
                            "id": "igw-00445384889d554fd",
                            "owner_id": "674680266734",
                            "tags.%": "0",
                            "vpc_id": "vpc-02e2bc5700690c46a"
                        },
                        "meta": {},
                        "tainted": false
                    },
                    "deposed": [],
                    "provider": "provider.aws"
                },
                "aws_route_table.r": {
                    "type": "aws_route_table",
                    "depends_on": [
                        "aws_internet_gateway.gw",
                        "aws_vpc.main"
                    ],
                    "primary": {
                        "id": "rtb-01d9dfe45fa9033fd",
                        "attributes": {
                            "id": "rtb-01d9dfe45fa9033fd",
                            "owner_id": "674680266734",
                            "propagating_vgws.#": "0",
                            "route.#": "1",
                            "route.1907771664.cidr_block": "0.0.0.0/0",
                            "route.1907771664.egress_only_gateway_id": "",
                            "route.1907771664.gateway_id": "igw-00445384889d554fd",
                            "route.1907771664.instance_id": "",
                            "route.1907771664.ipv6_cidr_block": "",
                            "route.1907771664.nat_gateway_id": "",
                            "route.1907771664.network_interface_id": "",
                            "route.1907771664.transit_gateway_id": "",
                            "route.1907771664.vpc_peering_connection_id": "",
                            "tags.%": "0",
                            "vpc_id": "vpc-02e2bc5700690c46a"
                        },
                        "meta": {},
                        "tainted": false
                    },
                    "deposed": [],
                    "provider": "provider.aws"
                },
                "aws_route_table_association.a": {
                    "type": "aws_route_table_association",
                    "depends_on": [
                        "aws_route_table.r",
                        "aws_subnet.subnet101"
                    ],
                    "primary": {
                        "id": "rtbassoc-027de4a6f7e6b795a",
                        "attributes": {
                            "id": "rtbassoc-027de4a6f7e6b795a",
                            "route_table_id": "rtb-01d9dfe45fa9033fd",
                            "subnet_id": "subnet-0e39a9d05c14b58aa"
                        },
                        "meta": {},
                        "tainted": false
                    },
                    "deposed": [],
                    "provider": "provider.aws"
                },
                "aws_route_table_association.b": {
                    "type": "aws_route_table_association",
                    "depends_on": [
                        "aws_route_table.r",
                        "aws_subnet.subnet102"
                    ],
                    "primary": {
                        "id": "rtbassoc-0fb236cbff2eb6f67",
                        "attributes": {
                            "id": "rtbassoc-0fb236cbff2eb6f67",
                            "route_table_id": "rtb-01d9dfe45fa9033fd",
                            "subnet_id": "subnet-04399a97c81d9d1d8"
                        },
                        "meta": {},
                        "tainted": false
                    },
                    "deposed": [],
                    "provider": "provider.aws"
                },
                "aws_route_table_association.c": {
                    "type": "aws_route_table_association",
                    "depends_on": [
                        "aws_route_table.r",
                        "aws_subnet.subnet103"
                    ],
                    "primary": {
                        "id": "rtbassoc-05965f154b4498ffa",
                        "attributes": {
                            "id": "rtbassoc-05965f154b4498ffa",
                            "route_table_id": "rtb-01d9dfe45fa9033fd",
                            "subnet_id": "subnet-0d4c497fb59643ae2"
                        },
                        "meta": {},
                        "tainted": false
                    },
                    "deposed": [],
                    "provider": "provider.aws"
                },
                "aws_security_group.vpc_task": {
                    "type": "aws_security_group",
                    "depends_on": [],
                    "primary": {
                        "id": "sg-0ebb23801746486c9",
                        "attributes": {
                            "arn": "arn:aws:ec2:us-east-1:674680266734:security-group/sg-0ebb23801746486c9",
                            "description": "Allow TLS inbound traffic",
                            "egress.#": "1",
                            "egress.482069346.cidr_blocks.#": "1",
                            "egress.482069346.cidr_blocks.0": "0.0.0.0/0",
                            "egress.482069346.description": "",
                            "egress.482069346.from_port": "0",
                            "egress.482069346.ipv6_cidr_blocks.#": "0",
                            "egress.482069346.prefix_list_ids.#": "0",
                            "egress.482069346.protocol": "-1",
                            "egress.482069346.security_groups.#": "0",
                            "egress.482069346.self": "false",
                            "egress.482069346.to_port": "0",
                            "id": "sg-0ebb23801746486c9",
                            "ingress.#": "1",
                            "ingress.1200322588.cidr_blocks.#": "1",
                            "ingress.1200322588.cidr_blocks.0": "0.0.0.0/0",
                            "ingress.1200322588.description": "Allow ssh",
                            "ingress.1200322588.from_port": "22",
                            "ingress.1200322588.ipv6_cidr_blocks.#": "0",
                            "ingress.1200322588.prefix_list_ids.#": "0",
                            "ingress.1200322588.protocol": "tcp",
                            "ingress.1200322588.security_groups.#": "0",
                            "ingress.1200322588.self": "false",
                            "ingress.1200322588.to_port": "22",
                            "name": "vpc_task",
                            "owner_id": "674680266734",
                            "revoke_rules_on_delete": "false",
                            "tags.%": "0",
                            "vpc_id": "vpc-47758d3a"
                        },
                        "meta": {
                            "e2bfb730-ecaa-11e6-8f88-34363bc7c4c0": {
                                "create": 600000000000,
                                "delete": 600000000000
                            },
                            "schema_version": "1"
                        },
                        "tainted": false
                    },
                    "deposed": [],
                    "provider": "provider.aws"
                },
                "aws_subnet.subnet1": {
                    "type": "aws_subnet",
                    "depends_on": [
                        "aws_vpc.main"
                    ],
                    "primary": {
                        "id": "subnet-09876b60100295198",
                        "attributes": {
                            "arn": "arn:aws:ec2:us-east-1:674680266734:subnet/subnet-09876b60100295198",
                            "assign_ipv6_address_on_creation": "false",
                            "availability_zone": "us-east-1d",
                            "availability_zone_id": "use1-az6",
                            "cidr_block": "10.0.1.0/24",
                            "id": "subnet-09876b60100295198",
                            "ipv6_cidr_block": "",
                            "ipv6_cidr_block_association_id": "",
                            "map_public_ip_on_launch": "false",
                            "outpost_arn": "",
                            "owner_id": "674680266734",
                            "tags.%": "0",
                            "vpc_id": "vpc-02e2bc5700690c46a"
                        },
                        "meta": {
                            "e2bfb730-ecaa-11e6-8f88-34363bc7c4c0": {
                                "create": 600000000000,
                                "delete": 1200000000000
                            },
                            "schema_version": "1"
                        },
                        "tainted": false
                    },
                    "deposed": [],
                    "provider": "provider.aws"
                },
                "aws_subnet.subnet101": {
                    "type": "aws_subnet",
                    "depends_on": [
                        "aws_vpc.main"
                    ],
                    "primary": {
                        "id": "subnet-0e39a9d05c14b58aa",
                        "attributes": {
                            "arn": "arn:aws:ec2:us-east-1:674680266734:subnet/subnet-0e39a9d05c14b58aa",
                            "assign_ipv6_address_on_creation": "false",
                            "availability_zone": "us-east-1e",
                            "availability_zone_id": "use1-az3",
                            "cidr_block": "10.0.101.0/24",
                            "id": "subnet-0e39a9d05c14b58aa",
                            "ipv6_cidr_block": "",
                            "ipv6_cidr_block_association_id": "",
                            "map_public_ip_on_launch": "false",
                            "outpost_arn": "",
                            "owner_id": "674680266734",
                            "tags.%": "0",
                            "vpc_id": "vpc-02e2bc5700690c46a"
                        },
                        "meta": {
                            "e2bfb730-ecaa-11e6-8f88-34363bc7c4c0": {
                                "create": 600000000000,
                                "delete": 1200000000000
                            },
                            "schema_version": "1"
                        },
                        "tainted": false
                    },
                    "deposed": [],
                    "provider": "provider.aws"
                },
                "aws_subnet.subnet102": {
                    "type": "aws_subnet",
                    "depends_on": [
                        "aws_vpc.main"
                    ],
                    "primary": {
                        "id": "subnet-04399a97c81d9d1d8",
                        "attributes": {
                            "arn": "arn:aws:ec2:us-east-1:674680266734:subnet/subnet-04399a97c81d9d1d8",
                            "assign_ipv6_address_on_creation": "false",
                            "availability_zone": "us-east-1f",
                            "availability_zone_id": "use1-az5",
                            "cidr_block": "10.0.102.0/24",
                            "id": "subnet-04399a97c81d9d1d8",
                            "ipv6_cidr_block": "",
                            "ipv6_cidr_block_association_id": "",
                            "map_public_ip_on_launch": "true",
                            "outpost_arn": "",
                            "owner_id": "674680266734",
                            "tags.%": "0",
                            "vpc_id": "vpc-02e2bc5700690c46a"
                        },
                        "meta": {
                            "e2bfb730-ecaa-11e6-8f88-34363bc7c4c0": {
                                "create": 600000000000,
                                "delete": 1200000000000
                            },
                            "schema_version": "1"
                        },
                        "tainted": false
                    },
                    "deposed": [],
                    "provider": "provider.aws"
                },
                "aws_subnet.subnet103": {
                    "type": "aws_subnet",
                    "depends_on": [
                        "aws_vpc.main"
                    ],
                    "primary": {
                        "id": "subnet-0d4c497fb59643ae2",
                        "attributes": {
                            "arn": "arn:aws:ec2:us-east-1:674680266734:subnet/subnet-0d4c497fb59643ae2",
                            "assign_ipv6_address_on_creation": "false",
                            "availability_zone": "us-east-1d",
                            "availability_zone_id": "use1-az6",
                            "cidr_block": "10.0.103.0/24",
                            "id": "subnet-0d4c497fb59643ae2",
                            "ipv6_cidr_block": "",
                            "ipv6_cidr_block_association_id": "",
                            "map_public_ip_on_launch": "true",
                            "outpost_arn": "",
                            "owner_id": "674680266734",
                            "tags.%": "0",
                            "vpc_id": "vpc-02e2bc5700690c46a"
                        },
                        "meta": {
                            "e2bfb730-ecaa-11e6-8f88-34363bc7c4c0": {
                                "create": 600000000000,
                                "delete": 1200000000000
                            },
                            "schema_version": "1"
                        },
                        "tainted": false
                    },
                    "deposed": [],
                    "provider": "provider.aws"
                },
                "aws_subnet.subnet2": {
                    "type": "aws_subnet",
                    "depends_on": [
                        "aws_vpc.main"
                    ],
                    "primary": {
                        "id": "subnet-0c8769467b90978d3",
                        "attributes": {
                            "arn": "arn:aws:ec2:us-east-1:674680266734:subnet/subnet-0c8769467b90978d3",
                            "assign_ipv6_address_on_creation": "false",
                            "availability_zone": "us-east-1d",
                            "availability_zone_id": "use1-az6",
                            "cidr_block": "10.0.2.0/24",
                            "id": "subnet-0c8769467b90978d3",
                            "ipv6_cidr_block": "",
                            "ipv6_cidr_block_association_id": "",
                            "map_public_ip_on_launch": "false",
                            "outpost_arn": "",
                            "owner_id": "674680266734",
                            "tags.%": "0",
                            "vpc_id": "vpc-02e2bc5700690c46a"
                        },
                        "meta": {
                            "e2bfb730-ecaa-11e6-8f88-34363bc7c4c0": {
                                "create": 600000000000,
                                "delete": 1200000000000
                            },
                            "schema_version": "1"
                        },
                        "tainted": false
                    },
                    "deposed": [],
                    "provider": "provider.aws"
                },
                "aws_subnet.subnet3": {
                    "type": "aws_subnet",
                    "depends_on": [
                        "aws_vpc.main"
                    ],
                    "primary": {
                        "id": "subnet-07688bd2baf9ee3cb",
                        "attributes": {
                            "arn": "arn:aws:ec2:us-east-1:674680266734:subnet/subnet-07688bd2baf9ee3cb",
                            "assign_ipv6_address_on_creation": "false",
                            "availability_zone": "us-east-1e",
                            "availability_zone_id": "use1-az3",
                            "cidr_block": "10.0.3.0/24",
                            "id": "subnet-07688bd2baf9ee3cb",
                            "ipv6_cidr_block": "",
                            "ipv6_cidr_block_association_id": "",
                            "map_public_ip_on_launch": "false",
                            "outpost_arn": "",
                            "owner_id": "674680266734",
                            "tags.%": "0",
                            "vpc_id": "vpc-02e2bc5700690c46a"
                        },
                        "meta": {
                            "e2bfb730-ecaa-11e6-8f88-34363bc7c4c0": {
                                "create": 600000000000,
                                "delete": 1200000000000
                            },
                            "schema_version": "1"
                        },
                        "tainted": false
                    },
                    "deposed": [],
                    "provider": "provider.aws"
                },
                "aws_vpc.main": {
                    "type": "aws_vpc",
                    "depends_on": [],
                    "primary": {
                        "id": "vpc-02e2bc5700690c46a",
                        "attributes": {
                            "arn": "arn:aws:ec2:us-east-1:674680266734:vpc/vpc-02e2bc5700690c46a",
                            "assign_generated_ipv6_cidr_block": "false",
                            "cidr_block": "10.0.0.0/16",
                            "default_network_acl_id": "acl-09db46e3c976dc585",
                            "default_route_table_id": "rtb-0eb73df0df4c88d33",
                            "default_security_group_id": "sg-05a5e1da51797862b",
                            "dhcp_options_id": "dopt-0b89ec71",
                            "enable_classiclink": "false",
                            "enable_classiclink_dns_support": "false",
                            "enable_dns_hostnames": "false",
                            "enable_dns_support": "true",
                            "id": "vpc-02e2bc5700690c46a",
                            "instance_tenancy": "default",
                            "ipv6_association_id": "",
                            "ipv6_cidr_block": "",
                            "main_route_table_id": "rtb-0eb73df0df4c88d33",
                            "owner_id": "674680266734",
                            "tags.%": "0"
                        },
                        "meta": {
                            "schema_version": "1"
                        },
                        "tainted": false
                    },
                    "deposed": [],
                    "provider": "provider.aws"
                }
            },
            "depends_on": []
        }
    ]
}
